{
  "nodes": {
    "nixpkgs": {
      "locked": {
        "lastModified": 1679884104,
        "narHash": "sha256-Mk6E8H6PL2kI4+7a9ajUhHMr75FOv19weFdgyTxrzj4=",
        "owner": "NixOS",
        "repo": "nixpkgs",
        "rev": "d2c23c58b99953718f5985a40490249e79baaabd",
        "type": "github"
      },
      "original": {
        "owner": "NixOS",
        "repo": "nixpkgs",
        "type": "github"
      }
    },
    "root": {
      "inputs": {
        "nixpkgs": "nixpkgs",
        "utils": "utils"
      }
    },
    "utils": {
      "locked": {
        "lastModified": 1678901627,
        "narHash": "sha256-U02riOqrKKzwjsxc/400XnElV+UtPUQWpANPlyazjH0=",
        "owner": "numtide",
        "repo": "flake-utils",
        "rev": "93a2b84fc4b70d9e089d029deacc3583435c2ed6",
        "type": "github"
      },
      "original": {
        "owner": "numtide",
        "repo": "flake-utils",
        "type": "github"
      }
    }
  },
  "root": "root",
  "version": 7
}
